
Microsoft Visual Studio Solution File, Format Version 12.00
# Visual Studio Version 17
VisualStudioVersion = 17.10.35013.160
MinimumVisualStudioVersion = 10.0.40219.1
Project("{FAE04EC0-301F-11D3-BF4B-00C04F79EFBC}") = "CIN7Core_MFT_EDI", "CIN7Core_MFT_EDI.csproj", "{570E2E28-FC54-45DB-BF58-9BB2218ECA9C}"
EndProject
Global
	GlobalSection(SolutionConfigurationPlatforms) = preSolution
		Debug|Any CPU = Debug|Any CPU
		Release|Any CPU = Release|Any CPU
	EndGlobalSection
	GlobalSection(ProjectConfigurationPlatforms) = postSolution
		{570E2E28-FC54-45DB-BF58-9BB2218ECA9C}.Debug|Any CPU.ActiveCfg = Debug|Any CPU
		{570E2E28-FC54-45DB-BF58-9BB2218ECA9C}.Debug|Any CPU.Build.0 = Debug|Any CPU
		{570E2E28-FC54-45DB-BF58-9BB2218ECA9C}.Release|Any CPU.ActiveCfg = Release|Any CPU
		{570E2E28-FC54-45DB-BF58-9BB2218ECA9C}.Release|Any CPU.Build.0 = Release|Any CPU
	EndGlobalSection
	GlobalSection(SolutionProperties) = preSolution
		HideSolutionNode = FALSE
	EndGlobalSection
	GlobalSection(ExtensibilityGlobals) = postSolution
		SolutionGuid = {4E12D612-0D42-499B-8292-6D8081D93CB3}
	EndGlobalSection
EndGlobal
